
Microsoft Visual Studio Solution File, Format Version 12.00
# Visual Studio Version 17
VisualStudioVersion = 17.13.35825.156 d17.13
MinimumVisualStudioVersion = 10.0.40219.1
Project("{FAE04EC0-301F-11D3-BF4B-00C04F79EFBC}") = "DecisionTree", "DecisionTree\DecisionTree.csproj", "{7CEC3F1D-0656-4E2F-BC28-DB30F579774E}"
EndProject
Global
	GlobalSection(SolutionConfigurationPlatforms) = preSolution
		Debug|Any CPU = Debug|Any CPU
		Release|Any CPU = Release|Any CPU
	EndGlobalSection
	GlobalSection(ProjectConfigurationPlatforms) = postSolution
		{7CEC3F1D-0656-4E2F-BC28-DB30F579774E}.Debug|Any CPU.ActiveCfg = Debug|Any CPU
		{7CEC3F1D-0656-4E2F-BC28-DB30F579774E}.Debug|Any CPU.Build.0 = Debug|Any CPU
		{7CEC3F1D-0656-4E2F-BC28-DB30F579774E}.Release|Any CPU.ActiveCfg = Release|Any CPU
		{7CEC3F1D-0656-4E2F-BC28-DB30F579774E}.Release|Any CPU.Build.0 = Release|Any CPU
	EndGlobalSection
	GlobalSection(SolutionProperties) = preSolution
		HideSolutionNode = FALSE
	EndGlobalSection
	GlobalSection(ExtensibilityGlobals) = postSolution
		SolutionGuid = {F211968E-316F-4AD8-A69E-76E659A79276}
	EndGlobalSection
EndGlobal
